{
  "name": "npm-github-actions",
  "version": "1.0.0",
  "lockfileVersion": 1,
  "requires": true,
  "dependencies": {
    "@myregistry/helloworld": {
      "version": "2.2.8",
      "resolved": "http://32352f16.ngrok.io/@myregistry%2fhelloworld/-/helloworld-2.2.8.tgz",
      "integrity": "sha512-EmScvUfVhhzr5YfWMhob1p4zD7C9bWud/RgS7UaWaJcEDlgXb7QQOIfhyNO5lJ6hW3/Sh/ctOenJcxiek6mr8A=="
    },
    "vue": {
      "version": "2.6.11",
      "resolved": "https://registry.npmjs.org/vue/-/vue-2.6.11.tgz",
      "integrity": "sha512-VfPwgcGABbGAue9+sfrD4PuwFar7gPb1yl1UK1MwXoQPAw0BKSqWfoYCT/ThFrdEVWoI51dBuyCoiNU9bZDZxQ=="
    }
  }
}
